PODS:
  - APIAdapter (1.0.3)
  - BartyCrouch (3.13.0)
  - BoilerplateKit (0.1.0)
  - RxAtomic (4.4.0)
  - RxSwift (4.4.0):
    - RxAtomic (~> 4.4)
  - SwiftLint (0.30.1)

DEPENDENCIES:
  - APIAdapter
  - BartyCrouch
  - BoilerplateKit (= 0.1.0)
  - RxSwift (~> 4.0)
  - SwiftLint

SPEC REPOS:
  https://github.com/cocoapods/specs.git:
    - APIAdapter
    - BartyCrouch
    - BoilerplateKit
    - RxAtomic
    - RxSwift
    - SwiftLint

SPEC CHECKSUMS:
  APIAdapter: 5cf1ba4c64c92dd4812ed8efe6b520ef4a3c38f1
  BartyCrouch: 69e5e6ec67e77951dc1c22aa48abbf05d175b81c
  BoilerplateKit: db69e5789831ab95c3aae8d324e56d1817ef78d8
  RxAtomic: eacf60db868c96bfd63320e28619fe29c179656f
  RxSwift: 5976ecd04fc2fefd648827c23de5e11157faa973
  SwiftLint: a54bf1fe12b55c68560eb2a7689dfc81458508f7

PODFILE CHECKSUM: a3c2a03901ae207116e4fca6f2fa0efe1ed507be

COCOAPODS: 1.5.3
